{
  "name": "ayax-common-operation",
  "version": "1.0.16",
  "lockfileVersion": 1,
  "requires": true,
  "dependencies": {
    "ayax-common-types": {
      "version": "3.0.15",
      "resolved": "https://registry.npmjs.org/ayax-common-types/-/ayax-common-types-3.0.15.tgz",
      "integrity": "sha512-iqdQ9KqWOkjcxHkIqC0TYv/YY9iHI78DQu4RR/Nl9pha7q7Ov5WxUSg2PkTtLE1QZ8CHxgjpQOgUflsW2AGE3Q=="
    }
  }
}
