{
  "name": "ayax-common-operation",
  "version": "1.0.0",
  "lockfileVersion": 1,
  "requires": true,
  "dependencies": {
    "ayax-common-types": {
      "version": "3.0.1",
      "resolved": "https://registry.npmjs.org/ayax-common-types/-/ayax-common-types-3.0.1.tgz",
      "integrity": "sha512-aZrJivl8FvaZtMDKD1BP79c0iL7xxHsf3QTzuDTfiameXt1n5PDkI4w7PbEqPBwe1rkYWBSW7Q4ulrOBnEFNZw=="
    }
  }
}
