{
  "name": "ayax-common-operation",
  "version": "1.0.17",
  "lockfileVersion": 1,
  "requires": true,
  "dependencies": {
    "ayax-common-types": {
      "version": "3.0.17",
      "resolved": "https://registry.npmjs.org/ayax-common-types/-/ayax-common-types-3.0.17.tgz",
      "integrity": "sha512-WEZV4hk3UAThyCuhvbtgIjEw+opxj4WBwW+fF3OsRJuHleWZl6I7WZjeiT6pxDZk9Er4C00d/g4Zns3p8nrNfg=="
    }
  }
}
